// !$*UTF8*$!
{
	archiveVersion = 1;
	classes = {
	};
	objectVersion = 50;
	objects = {

/* Begin PBXBuildFile section */
		383B6CF32405D1C00070564F /* MeteorMapViewController.swift in Sources */ = {isa = PBXBuildFile; fileRef = 383B6CF22405D1C00070564F /* MeteorMapViewController.swift */; };
		383B6CF5240677880070564F /* MeteorSelectionMapPopup.swift in Sources */ = {isa = PBXBuildFile; fileRef = 383B6CF4240677880070564F /* MeteorSelectionMapPopup.swift */; };
		383B6D3D2409615E0070564F /* VisbyRoundCF-Light.otf in Resources */ = {isa = PBXBuildFile; fileRef = 383B6D382409615D0070564F /* VisbyRoundCF-Light.otf */; };
		383B6D3E2409615E0070564F /* VisbyRoundCF-Medium.otf in Resources */ = {isa = PBXBuildFile; fileRef = 383B6D392409615E0070564F /* VisbyRoundCF-Medium.otf */; };
		383B6D3F2409615E0070564F /* VisbyRoundCF-ExtraBold.otf in Resources */ = {isa = PBXBuildFile; fileRef = 383B6D3A2409615E0070564F /* VisbyRoundCF-ExtraBold.otf */; };
		383B6D402409615E0070564F /* VisbyRoundCF-Bold.otf in Resources */ = {isa = PBXBuildFile; fileRef = 383B6D3B2409615E0070564F /* VisbyRoundCF-Bold.otf */; };
		383B6D412409615E0070564F /* VisbyRoundCF-DemiBold.otf in Resources */ = {isa = PBXBuildFile; fileRef = 383B6D3C2409615E0070564F /* VisbyRoundCF-DemiBold.otf */; };
		383B6D44240D4D8B0070564F /* StartDateFormatter.swift in Sources */ = {isa = PBXBuildFile; fileRef = 383B6D43240D4D8B0070564F /* StartDateFormatter.swift */; };
		383B6D60240D6BA30070564F /* NASATests.swift in Sources */ = {isa = PBXBuildFile; fileRef = 383B6D5F240D6BA30070564F /* NASATests.swift */; };
		383B6D67240D6BA90070564F /* StartDateFormatter.swift in Sources */ = {isa = PBXBuildFile; fileRef = 383B6D43240D4D8B0070564F /* StartDateFormatter.swift */; };
		383B6D68240D6BAC0070564F /* MeteorModel.swift in Sources */ = {isa = PBXBuildFile; fileRef = 38D3AD062403EF6000E01E9C /* MeteorModel.swift */; };
		383B6D69240D6C780070564F /* MeteorMapViewController.swift in Sources */ = {isa = PBXBuildFile; fileRef = 383B6CF22405D1C00070564F /* MeteorMapViewController.swift */; };
		383B6D6A240D6C7A0070564F /* MeteorListViewController.swift in Sources */ = {isa = PBXBuildFile; fileRef = 38D3AD0E2404005E00E01E9C /* MeteorListViewController.swift */; };
		383B6D6B240D6C7C0070564F /* MeteorSelectionMapPopup.swift in Sources */ = {isa = PBXBuildFile; fileRef = 383B6CF4240677880070564F /* MeteorSelectionMapPopup.swift */; };
		383B6D6C240D6C7F0070564F /* MeteorNetworking.swift in Sources */ = {isa = PBXBuildFile; fileRef = 38D3AD082403EF9900E01E9C /* MeteorNetworking.swift */; };
		383B6D6E240D6DC50070564F /* meteor.json in Resources */ = {isa = PBXBuildFile; fileRef = 383B6D6D240D6DC40070564F /* meteor.json */; };
		383B6D6F240D6FB10070564F /* MeteorCell.swift in Sources */ = {isa = PBXBuildFile; fileRef = 38D3AD0B2403F69D00E01E9C /* MeteorCell.swift */; };
		383B6D70240D705B0070564F /* meteor.json in Resources */ = {isa = PBXBuildFile; fileRef = 383B6D6D240D6DC40070564F /* meteor.json */; };
		383B6D72240D77280070564F /* meteor-bad.json in Resources */ = {isa = PBXBuildFile; fileRef = 383B6D71240D77280070564F /* meteor-bad.json */; };
		383B6D73240D77EB0070564F /* meteor-bad.json in Resources */ = {isa = PBXBuildFile; fileRef = 383B6D71240D77280070564F /* meteor-bad.json */; };
		38D3ACE12403E52D00E01E9C /* AppDelegate.swift in Sources */ = {isa = PBXBuildFile; fileRef = 38D3ACE02403E52D00E01E9C /* AppDelegate.swift */; };
		38D3ACE32403E52D00E01E9C /* SceneDelegate.swift in Sources */ = {isa = PBXBuildFile; fileRef = 38D3ACE22403E52D00E01E9C /* SceneDelegate.swift */; };
		38D3ACE52403E52D00E01E9C /* HomeViewController.swift in Sources */ = {isa = PBXBuildFile; fileRef = 38D3ACE42403E52D00E01E9C /* HomeViewController.swift */; };
		38D3ACE82403E52D00E01E9C /* Main.storyboard in Resources */ = {isa = PBXBuildFile; fileRef = 38D3ACE62403E52D00E01E9C /* Main.storyboard */; };
		38D3ACEA2403E52E00E01E9C /* Assets.xcassets in Resources */ = {isa = PBXBuildFile; fileRef = 38D3ACE92403E52E00E01E9C /* Assets.xcassets */; };
		38D3ACED2403E52E00E01E9C /* LaunchScreen.storyboard in Resources */ = {isa = PBXBuildFile; fileRef = 38D3ACEB2403E52E00E01E9C /* LaunchScreen.storyboard */; };
		38D3AD072403EF6000E01E9C /* MeteorModel.swift in Sources */ = {isa = PBXBuildFile; fileRef = 38D3AD062403EF6000E01E9C /* MeteorModel.swift */; };
		38D3AD092403EF9900E01E9C /* MeteorNetworking.swift in Sources */ = {isa = PBXBuildFile; fileRef = 38D3AD082403EF9900E01E9C /* MeteorNetworking.swift */; };
		38D3AD0C2403F69D00E01E9C /* MeteorCell.swift in Sources */ = {isa = PBXBuildFile; fileRef = 38D3AD0B2403F69D00E01E9C /* MeteorCell.swift */; };
		38D3AD0F2404005E00E01E9C /* MeteorListViewController.swift in Sources */ = {isa = PBXBuildFile; fileRef = 38D3AD0E2404005E00E01E9C /* MeteorListViewController.swift */; };
/* End PBXBuildFile section */

/* Begin PBXContainerItemProxy section */
		383B6D62240D6BA40070564F /* PBXContainerItemProxy */ = {
			isa = PBXContainerItemProxy;
			containerPortal = 38D3ACD52403E52D00E01E9C /* Project object */;
			proxyType = 1;
			remoteGlobalIDString = 38D3ACDC2403E52D00E01E9C;
			remoteInfo = "NASA-Meteors";
		};
/* End PBXContainerItemProxy section */

/* Begin PBXFileReference section */
		383B6CF22405D1C00070564F /* MeteorMapViewController.swift */ = {isa = PBXFileReference; lastKnownFileType = sourcecode.swift; path = MeteorMapViewController.swift; sourceTree = "<group>"; };
		383B6CF4240677880070564F /* MeteorSelectionMapPopup.swift */ = {isa = PBXFileReference; lastKnownFileType = sourcecode.swift; path = MeteorSelectionMapPopup.swift; sourceTree = "<group>"; };
		383B6D382409615D0070564F /* VisbyRoundCF-Light.otf */ = {isa = PBXFileReference; lastKnownFileType = file; path = "VisbyRoundCF-Light.otf"; sourceTree = "<group>"; };
		383B6D392409615E0070564F /* VisbyRoundCF-Medium.otf */ = {isa = PBXFileReference; lastKnownFileType = file; path = "VisbyRoundCF-Medium.otf"; sourceTree = "<group>"; };
		383B6D3A2409615E0070564F /* VisbyRoundCF-ExtraBold.otf */ = {isa = PBXFileReference; lastKnownFileType = file; path = "VisbyRoundCF-ExtraBold.otf"; sourceTree = "<group>"; };
		383B6D3B2409615E0070564F /* VisbyRoundCF-Bold.otf */ = {isa = PBXFileReference; lastKnownFileType = file; path = "VisbyRoundCF-Bold.otf"; sourceTree = "<group>"; };
		383B6D3C2409615E0070564F /* VisbyRoundCF-DemiBold.otf */ = {isa = PBXFileReference; lastKnownFileType = file; path = "VisbyRoundCF-DemiBold.otf"; sourceTree = "<group>"; };
		383B6D43240D4D8B0070564F /* StartDateFormatter.swift */ = {isa = PBXFileReference; lastKnownFileType = sourcecode.swift; path = StartDateFormatter.swift; sourceTree = "<group>"; };
		383B6D5D240D6BA30070564F /* NASATests.xctest */ = {isa = PBXFileReference; explicitFileType = wrapper.cfbundle; includeInIndex = 0; path = NASATests.xctest; sourceTree = BUILT_PRODUCTS_DIR; };
		383B6D5F240D6BA30070564F /* NASATests.swift */ = {isa = PBXFileReference; lastKnownFileType = sourcecode.swift; path = NASATests.swift; sourceTree = "<group>"; };
		383B6D61240D6BA40070564F /* Info.plist */ = {isa = PBXFileReference; lastKnownFileType = text.plist.xml; path = Info.plist; sourceTree = "<group>"; };
		383B6D6D240D6DC40070564F /* meteor.json */ = {isa = PBXFileReference; fileEncoding = 4; lastKnownFileType = text.json; path = meteor.json; sourceTree = "<group>"; };
		383B6D71240D77280070564F /* meteor-bad.json */ = {isa = PBXFileReference; fileEncoding = 4; lastKnownFileType = text.json; path = "meteor-bad.json"; sourceTree = "<group>"; };
		38D3ACDD2403E52D00E01E9C /* NASA.app */ = {isa = PBXFileReference; explicitFileType = wrapper.application; includeInIndex = 0; path = NASA.app; sourceTree = BUILT_PRODUCTS_DIR; };
		38D3ACE02403E52D00E01E9C /* AppDelegate.swift */ = {isa = PBXFileReference; lastKnownFileType = sourcecode.swift; path = AppDelegate.swift; sourceTree = "<group>"; };
		38D3ACE22403E52D00E01E9C /* SceneDelegate.swift */ = {isa = PBXFileReference; lastKnownFileType = sourcecode.swift; path = SceneDelegate.swift; sourceTree = "<group>"; };
		38D3ACE42403E52D00E01E9C /* HomeViewController.swift */ = {isa = PBXFileReference; lastKnownFileType = sourcecode.swift; path = HomeViewController.swift; sourceTree = "<group>"; };
		38D3ACE72403E52D00E01E9C /* Base */ = {isa = PBXFileReference; lastKnownFileType = file.storyboard; name = Base; path = Base.lproj/Main.storyboard; sourceTree = "<group>"; };
		38D3ACE92403E52E00E01E9C /* Assets.xcassets */ = {isa = PBXFileReference; lastKnownFileType = folder.assetcatalog; path = Assets.xcassets; sourceTree = "<group>"; };
		38D3ACEC2403E52E00E01E9C /* Base */ = {isa = PBXFileReference; lastKnownFileType = file.storyboard; name = Base; path = Base.lproj/LaunchScreen.storyboard; sourceTree = "<group>"; };
		38D3ACEE2403E52E00E01E9C /* Info.plist */ = {isa = PBXFileReference; lastKnownFileType = text.plist.xml; path = Info.plist; sourceTree = "<group>"; };
		38D3AD062403EF6000E01E9C /* MeteorModel.swift */ = {isa = PBXFileReference; lastKnownFileType = sourcecode.swift; path = MeteorModel.swift; sourceTree = "<group>"; };
		38D3AD082403EF9900E01E9C /* MeteorNetworking.swift */ = {isa = PBXFileReference; lastKnownFileType = sourcecode.swift; path = MeteorNetworking.swift; sourceTree = "<group>"; };
		38D3AD0B2403F69D00E01E9C /* MeteorCell.swift */ = {isa = PBXFileReference; lastKnownFileType = sourcecode.swift; path = MeteorCell.swift; sourceTree = "<group>"; };
		38D3AD0E2404005E00E01E9C /* MeteorListViewController.swift */ = {isa = PBXFileReference; lastKnownFileType = sourcecode.swift; path = MeteorListViewController.swift; sourceTree = "<group>"; };
/* End PBXFileReference section */

/* Begin PBXFrameworksBuildPhase section */
		383B6D5A240D6BA30070564F /* Frameworks */ = {
			isa = PBXFrameworksBuildPhase;
			buildActionMask = 2147483647;
			files = (
			);
			runOnlyForDeploymentPostprocessing = 0;
		};
		38D3ACDA2403E52D00E01E9C /* Frameworks */ = {
			isa = PBXFrameworksBuildPhase;
			buildActionMask = 2147483647;
			files = (
			);
			runOnlyForDeploymentPostprocessing = 0;
		};
/* End PBXFrameworksBuildPhase section */

/* Begin PBXGroup section */
		383B6D372409611E0070564F /* Fonts */ = {
			isa = PBXGroup;
			children = (
				383B6D3B2409615E0070564F /* VisbyRoundCF-Bold.otf */,
				383B6D3C2409615E0070564F /* VisbyRoundCF-DemiBold.otf */,
				383B6D3A2409615E0070564F /* VisbyRoundCF-ExtraBold.otf */,
				383B6D382409615D0070564F /* VisbyRoundCF-Light.otf */,
				383B6D392409615E0070564F /* VisbyRoundCF-Medium.otf */,
			);
			path = Fonts;
			sourceTree = "<group>";
		};
		383B6D42240D4D660070564F /* Support */ = {
			isa = PBXGroup;
			children = (
				383B6D43240D4D8B0070564F /* StartDateFormatter.swift */,
			);
			path = Support;
			sourceTree = "<group>";
		};
		383B6D5E240D6BA30070564F /* NASATests */ = {
			isa = PBXGroup;
			children = (
				383B6D71240D77280070564F /* meteor-bad.json */,
				383B6D6D240D6DC40070564F /* meteor.json */,
				383B6D5F240D6BA30070564F /* NASATests.swift */,
				383B6D61240D6BA40070564F /* Info.plist */,
			);
			path = NASATests;
			sourceTree = "<group>";
		};
		38D3ACD42403E52D00E01E9C = {
			isa = PBXGroup;
			children = (
				38D3ACDF2403E52D00E01E9C /* NASA-Meteors */,
				383B6D372409611E0070564F /* Fonts */,
				383B6D5E240D6BA30070564F /* NASATests */,
				38D3ACDE2403E52D00E01E9C /* Products */,
			);
			sourceTree = "<group>";
		};
		38D3ACDE2403E52D00E01E9C /* Products */ = {
			isa = PBXGroup;
			children = (
				38D3ACDD2403E52D00E01E9C /* NASA.app */,
				383B6D5D240D6BA30070564F /* NASATests.xctest */,
			);
			name = Products;
			sourceTree = "<group>";
		};
		38D3ACDF2403E52D00E01E9C /* NASA-Meteors */ = {
			isa = PBXGroup;
			children = (
				38D3ACEE2403E52E00E01E9C /* Info.plist */,
				38D3ACE62403E52D00E01E9C /* Main.storyboard */,
				38D3ACE92403E52E00E01E9C /* Assets.xcassets */,
				38D3AD052403E6AD00E01E9C /* Main */,
				38D3AD0A2403F67300E01E9C /* CustomCells */,
				38D3AD032403E5D700E01E9C /* Networking */,
				38D3AD022403E5A700E01E9C /* Model */,
				383B6D42240D4D660070564F /* Support */,
				38D3AD042403E69800E01E9C /* ViewControllers */,
			);
			path = "NASA-Meteors";
			sourceTree = "<group>";
		};
		38D3AD022403E5A700E01E9C /* Model */ = {
			isa = PBXGroup;
			children = (
				38D3AD062403EF6000E01E9C /* MeteorModel.swift */,
			);
			path = Model;
			sourceTree = "<group>";
		};
		38D3AD032403E5D700E01E9C /* Networking */ = {
			isa = PBXGroup;
			children = (
				38D3AD082403EF9900E01E9C /* MeteorNetworking.swift */,
			);
			path = Networking;
			sourceTree = "<group>";
		};
		38D3AD042403E69800E01E9C /* ViewControllers */ = {
			isa = PBXGroup;
			children = (
				38D3ACE42403E52D00E01E9C /* HomeViewController.swift */,
				383B6CF22405D1C00070564F /* MeteorMapViewController.swift */,
				38D3AD0E2404005E00E01E9C /* MeteorListViewController.swift */,
				383B6CF4240677880070564F /* MeteorSelectionMapPopup.swift */,
			);
			path = ViewControllers;
			sourceTree = "<group>";
		};
		38D3AD052403E6AD00E01E9C /* Main */ = {
			isa = PBXGroup;
			children = (
				38D3ACE02403E52D00E01E9C /* AppDelegate.swift */,
				38D3ACE22403E52D00E01E9C /* SceneDelegate.swift */,
				38D3ACEB2403E52E00E01E9C /* LaunchScreen.storyboard */,
			);
			path = Main;
			sourceTree = "<group>";
		};
		38D3AD0A2403F67300E01E9C /* CustomCells */ = {
			isa = PBXGroup;
			children = (
				38D3AD0B2403F69D00E01E9C /* MeteorCell.swift */,
			);
			path = CustomCells;
			sourceTree = "<group>";
		};
/* End PBXGroup section */

/* Begin PBXNativeTarget section */
		383B6D5C240D6BA30070564F /* NASATests */ = {
			isa = PBXNativeTarget;
			buildConfigurationList = 383B6D64240D6BA40070564F /* Build configuration list for PBXNativeTarget "NASATests" */;
			buildPhases = (
				383B6D59240D6BA30070564F /* Sources */,
				383B6D5A240D6BA30070564F /* Frameworks */,
				383B6D5B240D6BA30070564F /* Resources */,
			);
			buildRules = (
			);
			dependencies = (
				383B6D63240D6BA40070564F /* PBXTargetDependency */,
			);
			name = NASATests;
			productName = NASATests;
			productReference = 383B6D5D240D6BA30070564F /* NASATests.xctest */;
			productType = "com.apple.product-type.bundle.unit-test";
		};
		38D3ACDC2403E52D00E01E9C /* NASA-Meteors */ = {
			isa = PBXNativeTarget;
			buildConfigurationList = 38D3ACFC2403E52E00E01E9C /* Build configuration list for PBXNativeTarget "NASA-Meteors" */;
			buildPhases = (
				38D3ACD92403E52D00E01E9C /* Sources */,
				38D3ACDA2403E52D00E01E9C /* Frameworks */,
				38D3ACDB2403E52D00E01E9C /* Resources */,
			);
			buildRules = (
			);
			dependencies = (
			);
			name = "NASA-Meteors";
			productName = "NASA-Meteors";
			productReference = 38D3ACDD2403E52D00E01E9C /* NASA.app */;
			productType = "com.apple.product-type.application";
		};
/* End PBXNativeTarget section */

/* Begin PBXProject section */
		38D3ACD52403E52D00E01E9C /* Project object */ = {
			isa = PBXProject;
			attributes = {
				LastSwiftUpdateCheck = 1130;
				LastUpgradeCheck = 1130;
				ORGANIZATIONNAME = Popdeem;
				TargetAttributes = {
					383B6D5C240D6BA30070564F = {
						CreatedOnToolsVersion = 11.3;
						TestTargetID = 38D3ACDC2403E52D00E01E9C;
					};
					38D3ACDC2403E52D00E01E9C = {
						CreatedOnToolsVersion = 11.3;
					};
				};
			};
			buildConfigurationList = 38D3ACD82403E52D00E01E9C /* Build configuration list for PBXProject "NASA-Meteors" */;
			compatibilityVersion = "Xcode 9.3";
			developmentRegion = en;
			hasScannedForEncodings = 0;
			knownRegions = (
				en,
				Base,
			);
			mainGroup = 38D3ACD42403E52D00E01E9C;
			productRefGroup = 38D3ACDE2403E52D00E01E9C /* Products */;
			projectDirPath = "";
			projectRoot = "";
			targets = (
				38D3ACDC2403E52D00E01E9C /* NASA-Meteors */,
				383B6D5C240D6BA30070564F /* NASATests */,
			);
		};
/* End PBXProject section */

/* Begin PBXResourcesBuildPhase section */
		383B6D5B240D6BA30070564F /* Resources */ = {
			isa = PBXResourcesBuildPhase;
			buildActionMask = 2147483647;
			files = (
				383B6D6E240D6DC50070564F /* meteor.json in Resources */,
				383B6D72240D77280070564F /* meteor-bad.json in Resources */,
			);
			runOnlyForDeploymentPostprocessing = 0;
		};
		38D3ACDB2403E52D00E01E9C /* Resources */ = {
			isa = PBXResourcesBuildPhase;
			buildActionMask = 2147483647;
			files = (
				383B6D402409615E0070564F /* VisbyRoundCF-Bold.otf in Resources */,
				383B6D73240D77EB0070564F /* meteor-bad.json in Resources */,
				383B6D70240D705B0070564F /* meteor.json in Resources */,
				383B6D3E2409615E0070564F /* VisbyRoundCF-Medium.otf in Resources */,
				383B6D3D2409615E0070564F /* VisbyRoundCF-Light.otf in Resources */,
				383B6D412409615E0070564F /* VisbyRoundCF-DemiBold.otf in Resources */,
				38D3ACED2403E52E00E01E9C /* LaunchScreen.storyboard in Resources */,
				38D3ACEA2403E52E00E01E9C /* Assets.xcassets in Resources */,
				38D3ACE82403E52D00E01E9C /* Main.storyboard in Resources */,
				383B6D3F2409615E0070564F /* VisbyRoundCF-ExtraBold.otf in Resources */,
			);
			runOnlyForDeploymentPostprocessing = 0;
		};
/* End PBXResourcesBuildPhase section */

/* Begin PBXSourcesBuildPhase section */
		383B6D59240D6BA30070564F /* Sources */ = {
			isa = PBXSourcesBuildPhase;
			buildActionMask = 2147483647;
			files = (
				383B6D6B240D6C7C0070564F /* MeteorSelectionMapPopup.swift in Sources */,
				383B6D60240D6BA30070564F /* NASATests.swift in Sources */,
				383B6D6A240D6C7A0070564F /* MeteorListViewController.swift in Sources */,
				383B6D69240D6C780070564F /* MeteorMapViewController.swift in Sources */,
				383B6D68240D6BAC0070564F /* MeteorModel.swift in Sources */,
				383B6D67240D6BA90070564F /* StartDateFormatter.swift in Sources */,
				383B6D6C240D6C7F0070564F /* MeteorNetworking.swift in Sources */,
				383B6D6F240D6FB10070564F /* MeteorCell.swift in Sources */,
			);
			runOnlyForDeploymentPostprocessing = 0;
		};
		38D3ACD92403E52D00E01E9C /* Sources */ = {
			isa = PBXSourcesBuildPhase;
			buildActionMask = 2147483647;
			files = (
				38D3AD0F2404005E00E01E9C /* MeteorListViewController.swift in Sources */,
				383B6CF32405D1C00070564F /* MeteorMapViewController.swift in Sources */,
				38D3ACE52403E52D00E01E9C /* HomeViewController.swift in Sources */,
				383B6CF5240677880070564F /* MeteorSelectionMapPopup.swift in Sources */,
				38D3AD092403EF9900E01E9C /* MeteorNetworking.swift in Sources */,
				383B6D44240D4D8B0070564F /* StartDateFormatter.swift in Sources */,
				38D3AD072403EF6000E01E9C /* MeteorModel.swift in Sources */,
				38D3AD0C2403F69D00E01E9C /* MeteorCell.swift in Sources */,
				38D3ACE12403E52D00E01E9C /* AppDelegate.swift in Sources */,
				38D3ACE32403E52D00E01E9C /* SceneDelegate.swift in Sources */,
			);
			runOnlyForDeploymentPostprocessing = 0;
		};
/* End PBXSourcesBuildPhase section */

/* Begin PBXTargetDependency section */
		383B6D63240D6BA40070564F /* PBXTargetDependency */ = {
			isa = PBXTargetDependency;
			target = 38D3ACDC2403E52D00E01E9C /* NASA-Meteors */;
			targetProxy = 383B6D62240D6BA40070564F /* PBXContainerItemProxy */;
		};
/* End PBXTargetDependency section */

/* Begin PBXVariantGroup section */
		38D3ACE62403E52D00E01E9C /* Main.storyboard */ = {
			isa = PBXVariantGroup;
			children = (
				38D3ACE72403E52D00E01E9C /* Base */,
			);
			name = Main.storyboard;
			sourceTree = "<group>";
		};
		38D3ACEB2403E52E00E01E9C /* LaunchScreen.storyboard */ = {
			isa = PBXVariantGroup;
			children = (
				38D3ACEC2403E52E00E01E9C /* Base */,
			);
			name = LaunchScreen.storyboard;
			sourceTree = "<group>";
		};
/* End PBXVariantGroup section */

/* Begin XCBuildConfiguration section */
		383B6D65240D6BA40070564F /* Debug */ = {
			isa = XCBuildConfiguration;
			buildSettings = {
				BUNDLE_LOADER = "$(TEST_HOST)";
				CODE_SIGN_STYLE = Automatic;
				DEVELOPMENT_TEAM = S648X26U8J;
				INFOPLIST_FILE = NASATests/Info.plist;
				LD_RUNPATH_SEARCH_PATHS = (
					"$(inherited)",
					"@executable_path/Frameworks",
					"@loader_path/Frameworks",
				);
				PRODUCT_BUNDLE_IDENTIFIER = com.popdeem.NASATests;
				PRODUCT_NAME = "$(TARGET_NAME)";
				SWIFT_VERSION = 5.0;
				TARGETED_DEVICE_FAMILY = "1,2";
				TEST_HOST = "$(BUILT_PRODUCTS_DIR)/NASA.app/NASA";
			};
			name = Debug;
		};
		383B6D66240D6BA40070564F /* Release */ = {
			isa = XCBuildConfiguration;
			buildSettings = {
				BUNDLE_LOADER = "$(TEST_HOST)";
				CODE_SIGN_STYLE = Automatic;
				DEVELOPMENT_TEAM = S648X26U8J;
				INFOPLIST_FILE = NASATests/Info.plist;
				LD_RUNPATH_SEARCH_PATHS = (
					"$(inherited)",
					"@executable_path/Frameworks",
					"@loader_path/Frameworks",
				);
				PRODUCT_BUNDLE_IDENTIFIER = com.popdeem.NASATests;
				PRODUCT_NAME = "$(TARGET_NAME)";
				SWIFT_VERSION = 5.0;
				TARGETED_DEVICE_FAMILY = "1,2";
				TEST_HOST = "$(BUILT_PRODUCTS_DIR)/NASA.app/NASA";
			};
			name = Release;
		};
		38D3ACFA2403E52E00E01E9C /* Debug */ = {
			isa = XCBuildConfiguration;
			buildSettings = {
				ALWAYS_SEARCH_USER_PATHS = NO;
				CLANG_ANALYZER_NONNULL = YES;
				CLANG_ANALYZER_NUMBER_OBJECT_CONVERSION = YES_AGGRESSIVE;
				CLANG_CXX_LANGUAGE_STANDARD = "gnu++14";
				CLANG_CXX_LIBRARY = "libc++";
				CLANG_ENABLE_MODULES = YES;
				CLANG_ENABLE_OBJC_ARC = YES;
				CLANG_ENABLE_OBJC_WEAK = YES;
				CLANG_WARN_BLOCK_CAPTURE_AUTORELEASING = YES;
				CLANG_WARN_BOOL_CONVERSION = YES;
				CLANG_WARN_COMMA = YES;
				CLANG_WARN_CONSTANT_CONVERSION = YES;
				CLANG_WARN_DEPRECATED_OBJC_IMPLEMENTATIONS = YES;
				CLANG_WARN_DIRECT_OBJC_ISA_USAGE = YES_ERROR;
				CLANG_WARN_DOCUMENTATION_COMMENTS = YES;
				CLANG_WARN_EMPTY_BODY = YES;
				CLANG_WARN_ENUM_CONVERSION = YES;
				CLANG_WARN_INFINITE_RECURSION = YES;
				CLANG_WARN_INT_CONVERSION = YES;
				CLANG_WARN_NON_LITERAL_NULL_CONVERSION = YES;
				CLANG_WARN_OBJC_IMPLICIT_RETAIN_SELF = YES;
				CLANG_WARN_OBJC_LITERAL_CONVERSION = YES;
				CLANG_WARN_OBJC_ROOT_CLASS = YES_ERROR;
				CLANG_WARN_RANGE_LOOP_ANALYSIS = YES;
				CLANG_WARN_STRICT_PROTOTYPES = YES;
				CLANG_WARN_SUSPICIOUS_MOVE = YES;
				CLANG_WARN_UNGUARDED_AVAILABILITY = YES_AGGRESSIVE;
				CLANG_WARN_UNREACHABLE_CODE = YES;
				CLANG_WARN__DUPLICATE_METHOD_MATCH = YES;
				COPY_PHASE_STRIP = NO;
				DEBUG_INFORMATION_FORMAT = dwarf;
				ENABLE_STRICT_OBJC_MSGSEND = YES;
				ENABLE_TESTABILITY = YES;
				GCC_C_LANGUAGE_STANDARD = gnu11;
				GCC_DYNAMIC_NO_PIC = NO;
				GCC_NO_COMMON_BLOCKS = YES;
				GCC_OPTIMIZATION_LEVEL = 0;
				GCC_PREPROCESSOR_DEFINITIONS = (
					"DEBUG=1",
					"$(inherited)",
				);
				GCC_WARN_64_TO_32_BIT_CONVERSION = YES;
				GCC_WARN_ABOUT_RETURN_TYPE = YES_ERROR;
				GCC_WARN_UNDECLARED_SELECTOR = YES;
				GCC_WARN_UNINITIALIZED_AUTOS = YES_AGGRESSIVE;
				GCC_WARN_UNUSED_FUNCTION = YES;
				GCC_WARN_UNUSED_VARIABLE = YES;
				IPHONEOS_DEPLOYMENT_TARGET = 13.2;
				MTL_ENABLE_DEBUG_INFO = INCLUDE_SOURCE;
				MTL_FAST_MATH = YES;
				ONLY_ACTIVE_ARCH = YES;
				SDKROOT = iphoneos;
				SWIFT_ACTIVE_COMPILATION_CONDITIONS = DEBUG;
				SWIFT_OPTIMIZATION_LEVEL = "-Onone";
			};
			name = Debug;
		};
		38D3ACFB2403E52E00E01E9C /* Release */ = {
			isa = XCBuildConfiguration;
			buildSettings = {
				ALWAYS_SEARCH_USER_PATHS = NO;
				CLANG_ANALYZER_NONNULL = YES;
				CLANG_ANALYZER_NUMBER_OBJECT_CONVERSION = YES_AGGRESSIVE;
				CLANG_CXX_LANGUAGE_STANDARD = "gnu++14";
				CLANG_CXX_LIBRARY = "libc++";
				CLANG_ENABLE_MODULES = YES;
				CLANG_ENABLE_OBJC_ARC = YES;
				CLANG_ENABLE_OBJC_WEAK = YES;
				CLANG_WARN_BLOCK_CAPTURE_AUTORELEASING = YES;
				CLANG_WARN_BOOL_CONVERSION = YES;
				CLANG_WARN_COMMA = YES;
				CLANG_WARN_CONSTANT_CONVERSION = YES;
				CLANG_WARN_DEPRECATED_OBJC_IMPLEMENTATIONS = YES;
				CLANG_WARN_DIRECT_OBJC_ISA_USAGE = YES_ERROR;
				CLANG_WARN_DOCUMENTATION_COMMENTS = YES;
				CLANG_WARN_EMPTY_BODY = YES;
				CLANG_WARN_ENUM_CONVERSION = YES;
				CLANG_WARN_INFINITE_RECURSION = YES;
				CLANG_WARN_INT_CONVERSION = YES;
				CLANG_WARN_NON_LITERAL_NULL_CONVERSION = YES;
				CLANG_WARN_OBJC_IMPLICIT_RETAIN_SELF = YES;
				CLANG_WARN_OBJC_LITERAL_CONVERSION = YES;
				CLANG_WARN_OBJC_ROOT_CLASS = YES_ERROR;
				CLANG_WARN_RANGE_LOOP_ANALYSIS = YES;
				CLANG_WARN_STRICT_PROTOTYPES = YES;
				CLANG_WARN_SUSPICIOUS_MOVE = YES;
				CLANG_WARN_UNGUARDED_AVAILABILITY = YES_AGGRESSIVE;
				CLANG_WARN_UNREACHABLE_CODE = YES;
				CLANG_WARN__DUPLICATE_METHOD_MATCH = YES;
				COPY_PHASE_STRIP = NO;
				DEBUG_INFORMATION_FORMAT = "dwarf-with-dsym";
				ENABLE_NS_ASSERTIONS = NO;
				ENABLE_STRICT_OBJC_MSGSEND = YES;
				GCC_C_LANGUAGE_STANDARD = gnu11;
				GCC_NO_COMMON_BLOCKS = YES;
				GCC_WARN_64_TO_32_BIT_CONVERSION = YES;
				GCC_WARN_ABOUT_RETURN_TYPE = YES_ERROR;
				GCC_WARN_UNDECLARED_SELECTOR = YES;
				GCC_WARN_UNINITIALIZED_AUTOS = YES_AGGRESSIVE;
				GCC_WARN_UNUSED_FUNCTION = YES;
				GCC_WARN_UNUSED_VARIABLE = YES;
				IPHONEOS_DEPLOYMENT_TARGET = 13.2;
				MTL_ENABLE_DEBUG_INFO = NO;
				MTL_FAST_MATH = YES;
				SDKROOT = iphoneos;
				SWIFT_COMPILATION_MODE = wholemodule;
				SWIFT_OPTIMIZATION_LEVEL = "-O";
				VALIDATE_PRODUCT = YES;
			};
			name = Release;
		};
		38D3ACFD2403E52E00E01E9C /* Debug */ = {
			isa = XCBuildConfiguration;
			buildSettings = {
				ASSETCATALOG_COMPILER_APPICON_NAME = AppIcon;
				CODE_SIGN_STYLE = Automatic;
				DEVELOPMENT_TEAM = S648X26U8J;
				INFOPLIST_FILE = "NASA-Meteors/Info.plist";
				IPHONEOS_DEPLOYMENT_TARGET = 13.0;
				LD_RUNPATH_SEARCH_PATHS = (
					"$(inherited)",
					"@executable_path/Frameworks",
				);
				PRODUCT_BUNDLE_IDENTIFIER = "com.popdeem.NASA-Meteors";
				PRODUCT_NAME = NASA;
				SWIFT_VERSION = 5.0;
				TARGETED_DEVICE_FAMILY = 1;
			};
			name = Debug;
		};
		38D3ACFE2403E52E00E01E9C /* Release */ = {
			isa = XCBuildConfiguration;
			buildSettings = {
				ASSETCATALOG_COMPILER_APPICON_NAME = AppIcon;
				CODE_SIGN_STYLE = Automatic;
				DEVELOPMENT_TEAM = S648X26U8J;
				INFOPLIST_FILE = "NASA-Meteors/Info.plist";
				IPHONEOS_DEPLOYMENT_TARGET = 13.0;
				LD_RUNPATH_SEARCH_PATHS = (
					"$(inherited)",
					"@executable_path/Frameworks",
				);
				PRODUCT_BUNDLE_IDENTIFIER = "com.popdeem.NASA-Meteors";
				PRODUCT_NAME = NASA;
				SWIFT_VERSION = 5.0;
				TARGETED_DEVICE_FAMILY = 1;
			};
			name = Release;
		};
/* End XCBuildConfiguration section */

/* Begin XCConfigurationList section */
		383B6D64240D6BA40070564F /* Build configuration list for PBXNativeTarget "NASATests" */ = {
			isa = XCConfigurationList;
			buildConfigurations = (
				383B6D65240D6BA40070564F /* Debug */,
				383B6D66240D6BA40070564F /* Release */,
			);
			defaultConfigurationIsVisible = 0;
			defaultConfigurationName = Release;
		};
		38D3ACD82403E52D00E01E9C /* Build configuration list for PBXProject "NASA-Meteors" */ = {
			isa = XCConfigurationList;
			buildConfigurations = (
				38D3ACFA2403E52E00E01E9C /* Debug */,
				38D3ACFB2403E52E00E01E9C /* Release */,
			);
			defaultConfigurationIsVisible = 0;
			defaultConfigurationName = Release;
		};
		38D3ACFC2403E52E00E01E9C /* Build configuration list for PBXNativeTarget "NASA-Meteors" */ = {
			isa = XCConfigurationList;
			buildConfigurations = (
				38D3ACFD2403E52E00E01E9C /* Debug */,
				38D3ACFE2403E52E00E01E9C /* Release */,
			);
			defaultConfigurationIsVisible = 0;
			defaultConfigurationName = Release;
		};
/* End XCConfigurationList section */
	};
	rootObject = 38D3ACD52403E52D00E01E9C /* Project object */;
}
